
Microsoft Visual Studio Solution File, Format Version 12.00
# Visual Studio Version 17
VisualStudioVersion = 17.6.33723.286
MinimumVisualStudioVersion = 10.0.40219.1
Project("{FAE04EC0-301F-11D3-BF4B-00C04F79EFBC}") = "dangercordcli", "dangercordcli\dangercordcli.csproj", "{1A8682BB-A596-4A6A-9A69-D65D318B501D}"
EndProject
Global
	GlobalSection(SolutionConfigurationPlatforms) = preSolution
		Debug|Any CPU = Debug|Any CPU
		Release|Any CPU = Release|Any CPU
	EndGlobalSection
	GlobalSection(ProjectConfigurationPlatforms) = postSolution
		{1A8682BB-A596-4A6A-9A69-D65D318B501D}.Debug|Any CPU.ActiveCfg = Debug|Any CPU
		{1A8682BB-A596-4A6A-9A69-D65D318B501D}.Debug|Any CPU.Build.0 = Debug|Any CPU
		{1A8682BB-A596-4A6A-9A69-D65D318B501D}.Release|Any CPU.ActiveCfg = Release|Any CPU
		{1A8682BB-A596-4A6A-9A69-D65D318B501D}.Release|Any CPU.Build.0 = Release|Any CPU
	EndGlobalSection
	GlobalSection(SolutionProperties) = preSolution
		HideSolutionNode = FALSE
	EndGlobalSection
	GlobalSection(ExtensibilityGlobals) = postSolution
		SolutionGuid = {B1AC1AD4-33D3-44B9-B900-CEF056B55750}
	EndGlobalSection
EndGlobal
